// !$*UTF8*$!
{
	archiveVersion = 1;
	classes = {
	};
	objectVersion = 56;
	objects = {

/* Begin PBXBuildFile section */
		D62895762C3EC44400856ADD /* CoverImageView.swift in Sources */ = {isa = PBXBuildFile; fileRef = D62895752C3EC44400856ADD /* CoverImageView.swift */; };
		D62895792C3EC7E800856ADD /* CoverImageModel.swift in Sources */ = {isa = PBXBuildFile; fileRef = D62895782C3EC7E800856ADD /* CoverImageModel.swift */; };
		D628957C2C3EC97400856ADD /* CodableBundleExtantion.swift in Sources */ = {isa = PBXBuildFile; fileRef = D628957B2C3EC97400856ADD /* CodableBundleExtantion.swift */; };
		D628957E2C3ED09700856ADD /* AnimalListItemView.swift in Sources */ = {isa = PBXBuildFile; fileRef = D628957D2C3ED09700856ADD /* AnimalListItemView.swift */; };
		D62895802C3ED5B500856ADD /* AnimalModel.swift in Sources */ = {isa = PBXBuildFile; fileRef = D628957F2C3ED5B500856ADD /* AnimalModel.swift */; };
		D638D4152C40229900D964FC /* HeadingView.swift in Sources */ = {isa = PBXBuildFile; fileRef = D638D4142C40229800D964FC /* HeadingView.swift */; };
		D638D4172C4024E000D964FC /* InsetGalleryView.swift in Sources */ = {isa = PBXBuildFile; fileRef = D638D4162C4024E000D964FC /* InsetGalleryView.swift */; };
		D638D4192C402EEE00D964FC /* InsetFactView.swift in Sources */ = {isa = PBXBuildFile; fileRef = D638D4182C402EEE00D964FC /* InsetFactView.swift */; };
		D638D41B2C45731200D964FC /* InsetMapView.swift in Sources */ = {isa = PBXBuildFile; fileRef = D638D41A2C45731200D964FC /* InsetMapView.swift */; };
		D6D664C92C3EDF6500A2E397 /* AnimalDetailView.swift in Sources */ = {isa = PBXBuildFile; fileRef = D6D664C82C3EDF6500A2E397 /* AnimalDetailView.swift */; };
		D6F67F612C384B6C004A02C3 /* AfricaApp.swift in Sources */ = {isa = PBXBuildFile; fileRef = D6F67F602C384B6C004A02C3 /* AfricaApp.swift */; };
		D6F67F632C384B6C004A02C3 /* ContentView.swift in Sources */ = {isa = PBXBuildFile; fileRef = D6F67F622C384B6C004A02C3 /* ContentView.swift */; };
		D6F67F652C384B6F004A02C3 /* Assets.xcassets in Resources */ = {isa = PBXBuildFile; fileRef = D6F67F642C384B6F004A02C3 /* Assets.xcassets */; };
		D6F67F682C384B6F004A02C3 /* Preview Assets.xcassets in Resources */ = {isa = PBXBuildFile; fileRef = D6F67F672C384B6F004A02C3 /* Preview Assets.xcassets */; };
		D6F67F7B2C3C37D3004A02C3 /* rhino.mp4 in Resources */ = {isa = PBXBuildFile; fileRef = D6F67F712C3C37D3004A02C3 /* rhino.mp4 */; };
		D6F67F7C2C3C37D3004A02C3 /* elephant.mp4 in Resources */ = {isa = PBXBuildFile; fileRef = D6F67F722C3C37D3004A02C3 /* elephant.mp4 */; };
		D6F67F7D2C3C37D3004A02C3 /* gorilla.mp4 in Resources */ = {isa = PBXBuildFile; fileRef = D6F67F732C3C37D3004A02C3 /* gorilla.mp4 */; };
		D6F67F7E2C3C37D3004A02C3 /* lion.mp4 in Resources */ = {isa = PBXBuildFile; fileRef = D6F67F742C3C37D3004A02C3 /* lion.mp4 */; };
		D6F67F7F2C3C37D3004A02C3 /* zebra.mp4 in Resources */ = {isa = PBXBuildFile; fileRef = D6F67F752C3C37D3004A02C3 /* zebra.mp4 */; };
		D6F67F802C3C37D3004A02C3 /* giraffe.mp4 in Resources */ = {isa = PBXBuildFile; fileRef = D6F67F762C3C37D3004A02C3 /* giraffe.mp4 */; };
		D6F67F812C3C37D3004A02C3 /* lioness.mp4 in Resources */ = {isa = PBXBuildFile; fileRef = D6F67F772C3C37D3004A02C3 /* lioness.mp4 */; };
		D6F67F822C3C37D3004A02C3 /* ostrich.mp4 in Resources */ = {isa = PBXBuildFile; fileRef = D6F67F782C3C37D3004A02C3 /* ostrich.mp4 */; };
		D6F67F832C3C37D3004A02C3 /* cheetah.mp4 in Resources */ = {isa = PBXBuildFile; fileRef = D6F67F792C3C37D3004A02C3 /* cheetah.mp4 */; };
		D6F67F842C3C37D3004A02C3 /* hippo.mp4 in Resources */ = {isa = PBXBuildFile; fileRef = D6F67F7A2C3C37D3004A02C3 /* hippo.mp4 */; };
		D6F67F8A2C3C380C004A02C3 /* videos.json in Resources */ = {isa = PBXBuildFile; fileRef = D6F67F862C3C380C004A02C3 /* videos.json */; };
		D6F67F8B2C3C380C004A02C3 /* locations.json in Resources */ = {isa = PBXBuildFile; fileRef = D6F67F872C3C380C004A02C3 /* locations.json */; };
		D6F67F8C2C3C380C004A02C3 /* covers.json in Resources */ = {isa = PBXBuildFile; fileRef = D6F67F882C3C380C004A02C3 /* covers.json */; };
		D6F67F8D2C3C380C004A02C3 /* animals.json in Resources */ = {isa = PBXBuildFile; fileRef = D6F67F892C3C380C004A02C3 /* animals.json */; };
		D6F67F8F2C3C3854004A02C3 /* MapView.swift in Sources */ = {isa = PBXBuildFile; fileRef = D6F67F8E2C3C3854004A02C3 /* MapView.swift */; };
		D6F67F912C3C3B72004A02C3 /* GalleryView.swift in Sources */ = {isa = PBXBuildFile; fileRef = D6F67F902C3C3B72004A02C3 /* GalleryView.swift */; };
		D6F67F932C3C3B94004A02C3 /* VideoListView.swift in Sources */ = {isa = PBXBuildFile; fileRef = D6F67F922C3C3B94004A02C3 /* VideoListView.swift */; };
		D6F67F972C3C3BDD004A02C3 /* MainView.swift in Sources */ = {isa = PBXBuildFile; fileRef = D6F67F962C3C3BDD004A02C3 /* MainView.swift */; };
/* End PBXBuildFile section */

/* Begin PBXFileReference section */
		D62895752C3EC44400856ADD /* CoverImageView.swift */ = {isa = PBXFileReference; lastKnownFileType = sourcecode.swift; path = CoverImageView.swift; sourceTree = "<group>"; };
		D62895782C3EC7E800856ADD /* CoverImageModel.swift */ = {isa = PBXFileReference; lastKnownFileType = sourcecode.swift; path = CoverImageModel.swift; sourceTree = "<group>"; };
		D628957B2C3EC97400856ADD /* CodableBundleExtantion.swift */ = {isa = PBXFileReference; lastKnownFileType = sourcecode.swift; path = CodableBundleExtantion.swift; sourceTree = "<group>"; };
		D628957D2C3ED09700856ADD /* AnimalListItemView.swift */ = {isa = PBXFileReference; lastKnownFileType = sourcecode.swift; path = AnimalListItemView.swift; sourceTree = "<group>"; };
		D628957F2C3ED5B500856ADD /* AnimalModel.swift */ = {isa = PBXFileReference; lastKnownFileType = sourcecode.swift; path = AnimalModel.swift; sourceTree = "<group>"; };
		D638D4142C40229800D964FC /* HeadingView.swift */ = {isa = PBXFileReference; lastKnownFileType = sourcecode.swift; path = HeadingView.swift; sourceTree = "<group>"; };
		D638D4162C4024E000D964FC /* InsetGalleryView.swift */ = {isa = PBXFileReference; lastKnownFileType = sourcecode.swift; path = InsetGalleryView.swift; sourceTree = "<group>"; };
		D638D4182C402EEE00D964FC /* InsetFactView.swift */ = {isa = PBXFileReference; lastKnownFileType = sourcecode.swift; path = InsetFactView.swift; sourceTree = "<group>"; };
		D638D41A2C45731200D964FC /* InsetMapView.swift */ = {isa = PBXFileReference; lastKnownFileType = sourcecode.swift; path = InsetMapView.swift; sourceTree = "<group>"; };
		D6D664C82C3EDF6500A2E397 /* AnimalDetailView.swift */ = {isa = PBXFileReference; lastKnownFileType = sourcecode.swift; path = AnimalDetailView.swift; sourceTree = "<group>"; };
		D6F67F5D2C384B6C004A02C3 /* Africa.app */ = {isa = PBXFileReference; explicitFileType = wrapper.application; includeInIndex = 0; path = Africa.app; sourceTree = BUILT_PRODUCTS_DIR; };
		D6F67F602C384B6C004A02C3 /* AfricaApp.swift */ = {isa = PBXFileReference; lastKnownFileType = sourcecode.swift; path = AfricaApp.swift; sourceTree = "<group>"; };
		D6F67F622C384B6C004A02C3 /* ContentView.swift */ = {isa = PBXFileReference; lastKnownFileType = sourcecode.swift; path = ContentView.swift; sourceTree = "<group>"; };
		D6F67F642C384B6F004A02C3 /* Assets.xcassets */ = {isa = PBXFileReference; lastKnownFileType = folder.assetcatalog; path = Assets.xcassets; sourceTree = "<group>"; };
		D6F67F672C384B6F004A02C3 /* Preview Assets.xcassets */ = {isa = PBXFileReference; lastKnownFileType = folder.assetcatalog; path = "Preview Assets.xcassets"; sourceTree = "<group>"; };
		D6F67F6E2C3C373B004A02C3 /* Info.plist */ = {isa = PBXFileReference; lastKnownFileType = text.plist; path = Info.plist; sourceTree = "<group>"; };
		D6F67F712C3C37D3004A02C3 /* rhino.mp4 */ = {isa = PBXFileReference; lastKnownFileType = file; path = rhino.mp4; sourceTree = "<group>"; };
		D6F67F722C3C37D3004A02C3 /* elephant.mp4 */ = {isa = PBXFileReference; lastKnownFileType = file; path = elephant.mp4; sourceTree = "<group>"; };
		D6F67F732C3C37D3004A02C3 /* gorilla.mp4 */ = {isa = PBXFileReference; lastKnownFileType = file; path = gorilla.mp4; sourceTree = "<group>"; };
		D6F67F742C3C37D3004A02C3 /* lion.mp4 */ = {isa = PBXFileReference; lastKnownFileType = file; path = lion.mp4; sourceTree = "<group>"; };
		D6F67F752C3C37D3004A02C3 /* zebra.mp4 */ = {isa = PBXFileReference; lastKnownFileType = file; path = zebra.mp4; sourceTree = "<group>"; };
		D6F67F762C3C37D3004A02C3 /* giraffe.mp4 */ = {isa = PBXFileReference; lastKnownFileType = file; path = giraffe.mp4; sourceTree = "<group>"; };
		D6F67F772C3C37D3004A02C3 /* lioness.mp4 */ = {isa = PBXFileReference; lastKnownFileType = file; path = lioness.mp4; sourceTree = "<group>"; };
		D6F67F782C3C37D3004A02C3 /* ostrich.mp4 */ = {isa = PBXFileReference; lastKnownFileType = file; path = ostrich.mp4; sourceTree = "<group>"; };
		D6F67F792C3C37D3004A02C3 /* cheetah.mp4 */ = {isa = PBXFileReference; lastKnownFileType = file; path = cheetah.mp4; sourceTree = "<group>"; };
		D6F67F7A2C3C37D3004A02C3 /* hippo.mp4 */ = {isa = PBXFileReference; lastKnownFileType = file; path = hippo.mp4; sourceTree = "<group>"; };
		D6F67F862C3C380C004A02C3 /* videos.json */ = {isa = PBXFileReference; fileEncoding = 4; lastKnownFileType = text.json; path = videos.json; sourceTree = "<group>"; };
		D6F67F872C3C380C004A02C3 /* locations.json */ = {isa = PBXFileReference; fileEncoding = 4; lastKnownFileType = text.json; path = locations.json; sourceTree = "<group>"; };
		D6F67F882C3C380C004A02C3 /* covers.json */ = {isa = PBXFileReference; fileEncoding = 4; lastKnownFileType = text.json; path = covers.json; sourceTree = "<group>"; };
		D6F67F892C3C380C004A02C3 /* animals.json */ = {isa = PBXFileReference; fileEncoding = 4; lastKnownFileType = text.json; path = animals.json; sourceTree = "<group>"; };
		D6F67F8E2C3C3854004A02C3 /* MapView.swift */ = {isa = PBXFileReference; lastKnownFileType = sourcecode.swift; path = MapView.swift; sourceTree = "<group>"; };
		D6F67F902C3C3B72004A02C3 /* GalleryView.swift */ = {isa = PBXFileReference; lastKnownFileType = sourcecode.swift; path = GalleryView.swift; sourceTree = "<group>"; };
		D6F67F922C3C3B94004A02C3 /* VideoListView.swift */ = {isa = PBXFileReference; lastKnownFileType = sourcecode.swift; path = VideoListView.swift; sourceTree = "<group>"; };
		D6F67F962C3C3BDD004A02C3 /* MainView.swift */ = {isa = PBXFileReference; lastKnownFileType = sourcecode.swift; path = MainView.swift; sourceTree = "<group>"; };
/* End PBXFileReference section */

/* Begin PBXFrameworksBuildPhase section */
		D6F67F5A2C384B6C004A02C3 /* Frameworks */ = {
			isa = PBXFrameworksBuildPhase;
			buildActionMask = 2147483647;
			files = (
			);
			runOnlyForDeploymentPostprocessing = 0;
		};
/* End PBXFrameworksBuildPhase section */

/* Begin PBXGroup section */
		D62895742C3EC41900856ADD /* View */ = {
			isa = PBXGroup;
			children = (
				D62895752C3EC44400856ADD /* CoverImageView.swift */,
				D628957D2C3ED09700856ADD /* AnimalListItemView.swift */,
				D6D664C82C3EDF6500A2E397 /* AnimalDetailView.swift */,
				D638D4142C40229800D964FC /* HeadingView.swift */,
				D638D4162C4024E000D964FC /* InsetGalleryView.swift */,
				D638D4182C402EEE00D964FC /* InsetFactView.swift */,
				D638D41A2C45731200D964FC /* InsetMapView.swift */,
			);
			path = View;
			sourceTree = "<group>";
		};
		D62895772C3EC7C000856ADD /* Model */ = {
			isa = PBXGroup;
			children = (
				D62895782C3EC7E800856ADD /* CoverImageModel.swift */,
				D628957F2C3ED5B500856ADD /* AnimalModel.swift */,
			);
			path = Model;
			sourceTree = "<group>";
		};
		D628957A2C3EC93500856ADD /* Extantion */ = {
			isa = PBXGroup;
			children = (
				D628957B2C3EC97400856ADD /* CodableBundleExtantion.swift */,
			);
			path = Extantion;
			sourceTree = "<group>";
		};
		D6F67F542C384B6C004A02C3 = {
			isa = PBXGroup;
			children = (
				D6F67F5F2C384B6C004A02C3 /* Africa */,
				D6F67F5E2C384B6C004A02C3 /* Products */,
			);
			sourceTree = "<group>";
		};
		D6F67F5E2C384B6C004A02C3 /* Products */ = {
			isa = PBXGroup;
			children = (
				D6F67F5D2C384B6C004A02C3 /* Africa.app */,
			);
			name = Products;
			sourceTree = "<group>";
		};
		D6F67F5F2C384B6C004A02C3 /* Africa */ = {
			isa = PBXGroup;
			children = (
				D628957A2C3EC93500856ADD /* Extantion */,
				D62895772C3EC7C000856ADD /* Model */,
				D62895742C3EC41900856ADD /* View */,
				D6F67F852C3C37EF004A02C3 /* Data */,
				D6F67F702C3C37A7004A02C3 /* Videos */,
				D6F67F6E2C3C373B004A02C3 /* Info.plist */,
				D6F67F6F2C3C379B004A02C3 /* App */,
				D6F67F642C384B6F004A02C3 /* Assets.xcassets */,
				D6F67F662C384B6F004A02C3 /* Preview Content */,
			);
			path = Africa;
			sourceTree = "<group>";
		};
		D6F67F662C384B6F004A02C3 /* Preview Content */ = {
			isa = PBXGroup;
			children = (
				D6F67F672C384B6F004A02C3 /* Preview Assets.xcassets */,
			);
			path = "Preview Content";
			sourceTree = "<group>";
		};
		D6F67F6F2C3C379B004A02C3 /* App */ = {
			isa = PBXGroup;
			children = (
				D6F67F602C384B6C004A02C3 /* AfricaApp.swift */,
				D6F67F622C384B6C004A02C3 /* ContentView.swift */,
				D6F67F8E2C3C3854004A02C3 /* MapView.swift */,
				D6F67F902C3C3B72004A02C3 /* GalleryView.swift */,
				D6F67F922C3C3B94004A02C3 /* VideoListView.swift */,
				D6F67F962C3C3BDD004A02C3 /* MainView.swift */,
			);
			path = App;
			sourceTree = "<group>";
		};
		D6F67F702C3C37A7004A02C3 /* Videos */ = {
			isa = PBXGroup;
			children = (
				D6F67F792C3C37D3004A02C3 /* cheetah.mp4 */,
				D6F67F722C3C37D3004A02C3 /* elephant.mp4 */,
				D6F67F762C3C37D3004A02C3 /* giraffe.mp4 */,
				D6F67F732C3C37D3004A02C3 /* gorilla.mp4 */,
				D6F67F7A2C3C37D3004A02C3 /* hippo.mp4 */,
				D6F67F742C3C37D3004A02C3 /* lion.mp4 */,
				D6F67F772C3C37D3004A02C3 /* lioness.mp4 */,
				D6F67F782C3C37D3004A02C3 /* ostrich.mp4 */,
				D6F67F712C3C37D3004A02C3 /* rhino.mp4 */,
				D6F67F752C3C37D3004A02C3 /* zebra.mp4 */,
			);
			path = Videos;
			sourceTree = "<group>";
		};
		D6F67F852C3C37EF004A02C3 /* Data */ = {
			isa = PBXGroup;
			children = (
				D6F67F892C3C380C004A02C3 /* animals.json */,
				D6F67F882C3C380C004A02C3 /* covers.json */,
				D6F67F872C3C380C004A02C3 /* locations.json */,
				D6F67F862C3C380C004A02C3 /* videos.json */,
			);
			path = Data;
			sourceTree = "<group>";
		};
/* End PBXGroup section */

/* Begin PBXNativeTarget section */
		D6F67F5C2C384B6C004A02C3 /* Africa */ = {
			isa = PBXNativeTarget;
			buildConfigurationList = D6F67F6B2C384B6F004A02C3 /* Build configuration list for PBXNativeTarget "Africa" */;
			buildPhases = (
				D6F67F592C384B6C004A02C3 /* Sources */,
				D6F67F5A2C384B6C004A02C3 /* Frameworks */,
				D6F67F5B2C384B6C004A02C3 /* Resources */,
			);
			buildRules = (
			);
			dependencies = (
			);
			name = Africa;
			productName = Africa;
			productReference = D6F67F5D2C384B6C004A02C3 /* Africa.app */;
			productType = "com.apple.product-type.application";
		};
/* End PBXNativeTarget section */

/* Begin PBXProject section */
		D6F67F552C384B6C004A02C3 /* Project object */ = {
			isa = PBXProject;
			attributes = {
				BuildIndependentTargetsInParallel = 1;
				LastSwiftUpdateCheck = 1520;
				LastUpgradeCheck = 1520;
				TargetAttributes = {
					D6F67F5C2C384B6C004A02C3 = {
						CreatedOnToolsVersion = 15.2;
					};
				};
			};
			buildConfigurationList = D6F67F582C384B6C004A02C3 /* Build configuration list for PBXProject "Africa" */;
			compatibilityVersion = "Xcode 14.0";
			developmentRegion = en;
			hasScannedForEncodings = 0;
			knownRegions = (
				en,
				Base,
			);
			mainGroup = D6F67F542C384B6C004A02C3;
			productRefGroup = D6F67F5E2C384B6C004A02C3 /* Products */;
			projectDirPath = "";
			projectRoot = "";
			targets = (
				D6F67F5C2C384B6C004A02C3 /* Africa */,
			);
		};
/* End PBXProject section */

/* Begin PBXResourcesBuildPhase section */
		D6F67F5B2C384B6C004A02C3 /* Resources */ = {
			isa = PBXResourcesBuildPhase;
			buildActionMask = 2147483647;
			files = (
				D6F67F8B2C3C380C004A02C3 /* locations.json in Resources */,
				D6F67F7C2C3C37D3004A02C3 /* elephant.mp4 in Resources */,
				D6F67F7E2C3C37D3004A02C3 /* lion.mp4 in Resources */,
				D6F67F812C3C37D3004A02C3 /* lioness.mp4 in Resources */,
				D6F67F7B2C3C37D3004A02C3 /* rhino.mp4 in Resources */,
				D6F67F8A2C3C380C004A02C3 /* videos.json in Resources */,
				D6F67F842C3C37D3004A02C3 /* hippo.mp4 in Resources */,
				D6F67F7D2C3C37D3004A02C3 /* gorilla.mp4 in Resources */,
				D6F67F682C384B6F004A02C3 /* Preview Assets.xcassets in Resources */,
				D6F67F8D2C3C380C004A02C3 /* animals.json in Resources */,
				D6F67F7F2C3C37D3004A02C3 /* zebra.mp4 in Resources */,
				D6F67F8C2C3C380C004A02C3 /* covers.json in Resources */,
				D6F67F802C3C37D3004A02C3 /* giraffe.mp4 in Resources */,
				D6F67F822C3C37D3004A02C3 /* ostrich.mp4 in Resources */,
				D6F67F652C384B6F004A02C3 /* Assets.xcassets in Resources */,
				D6F67F832C3C37D3004A02C3 /* cheetah.mp4 in Resources */,
			);
			runOnlyForDeploymentPostprocessing = 0;
		};
/* End PBXResourcesBuildPhase section */

/* Begin PBXSourcesBuildPhase section */
		D6F67F592C384B6C004A02C3 /* Sources */ = {
			isa = PBXSourcesBuildPhase;
			buildActionMask = 2147483647;
			files = (
				D6F67F932C3C3B94004A02C3 /* VideoListView.swift in Sources */,
				D628957E2C3ED09700856ADD /* AnimalListItemView.swift in Sources */,
				D6F67F972C3C3BDD004A02C3 /* MainView.swift in Sources */,
				D638D4192C402EEE00D964FC /* InsetFactView.swift in Sources */,
				D62895762C3EC44400856ADD /* CoverImageView.swift in Sources */,
				D628957C2C3EC97400856ADD /* CodableBundleExtantion.swift in Sources */,
				D6D664C92C3EDF6500A2E397 /* AnimalDetailView.swift in Sources */,
				D62895802C3ED5B500856ADD /* AnimalModel.swift in Sources */,
				D62895792C3EC7E800856ADD /* CoverImageModel.swift in Sources */,
				D638D41B2C45731200D964FC /* InsetMapView.swift in Sources */,
				D6F67F632C384B6C004A02C3 /* ContentView.swift in Sources */,
				D6F67F8F2C3C3854004A02C3 /* MapView.swift in Sources */,
				D6F67F612C384B6C004A02C3 /* AfricaApp.swift in Sources */,
				D638D4172C4024E000D964FC /* InsetGalleryView.swift in Sources */,
				D6F67F912C3C3B72004A02C3 /* GalleryView.swift in Sources */,
				D638D4152C40229900D964FC /* HeadingView.swift in Sources */,
			);
			runOnlyForDeploymentPostprocessing = 0;
		};
/* End PBXSourcesBuildPhase section */

/* Begin XCBuildConfiguration section */
		D6F67F692C384B6F004A02C3 /* Debug */ = {
			isa = XCBuildConfiguration;
			buildSettings = {
				ALWAYS_SEARCH_USER_PATHS = NO;
				ASSETCATALOG_COMPILER_GENERATE_SWIFT_ASSET_SYMBOL_EXTENSIONS = YES;
				CLANG_ANALYZER_NONNULL = YES;
				CLANG_ANALYZER_NUMBER_OBJECT_CONVERSION = YES_AGGRESSIVE;
				CLANG_CXX_LANGUAGE_STANDARD = "gnu++20";
				CLANG_ENABLE_MODULES = YES;
				CLANG_ENABLE_OBJC_ARC = YES;
				CLANG_ENABLE_OBJC_WEAK = YES;
				CLANG_WARN_BLOCK_CAPTURE_AUTORELEASING = YES;
				CLANG_WARN_BOOL_CONVERSION = YES;
				CLANG_WARN_COMMA = YES;
				CLANG_WARN_CONSTANT_CONVERSION = YES;
				CLANG_WARN_DEPRECATED_OBJC_IMPLEMENTATIONS = YES;
				CLANG_WARN_DIRECT_OBJC_ISA_USAGE = YES_ERROR;
				CLANG_WARN_DOCUMENTATION_COMMENTS = YES;
				CLANG_WARN_EMPTY_BODY = YES;
				CLANG_WARN_ENUM_CONVERSION = YES;
				CLANG_WARN_INFINITE_RECURSION = YES;
				CLANG_WARN_INT_CONVERSION = YES;
				CLANG_WARN_NON_LITERAL_NULL_CONVERSION = YES;
				CLANG_WARN_OBJC_IMPLICIT_RETAIN_SELF = YES;
				CLANG_WARN_OBJC_LITERAL_CONVERSION = YES;
				CLANG_WARN_OBJC_ROOT_CLASS = YES_ERROR;
				CLANG_WARN_QUOTED_INCLUDE_IN_FRAMEWORK_HEADER = YES;
				CLANG_WARN_RANGE_LOOP_ANALYSIS = YES;
				CLANG_WARN_STRICT_PROTOTYPES = YES;
				CLANG_WARN_SUSPICIOUS_MOVE = YES;
				CLANG_WARN_UNGUARDED_AVAILABILITY = YES_AGGRESSIVE;
				CLANG_WARN_UNREACHABLE_CODE = YES;
				CLANG_WARN__DUPLICATE_METHOD_MATCH = YES;
				COPY_PHASE_STRIP = NO;
				DEBUG_INFORMATION_FORMAT = dwarf;
				ENABLE_STRICT_OBJC_MSGSEND = YES;
				ENABLE_TESTABILITY = YES;
				ENABLE_USER_SCRIPT_SANDBOXING = YES;
				GCC_C_LANGUAGE_STANDARD = gnu17;
				GCC_DYNAMIC_NO_PIC = NO;
				GCC_NO_COMMON_BLOCKS = YES;
				GCC_OPTIMIZATION_LEVEL = 0;
				GCC_PREPROCESSOR_DEFINITIONS = (
					"DEBUG=1",
					"$(inherited)",
				);
				GCC_WARN_64_TO_32_BIT_CONVERSION = YES;
				GCC_WARN_ABOUT_RETURN_TYPE = YES_ERROR;
				GCC_WARN_UNDECLARED_SELECTOR = YES;
				GCC_WARN_UNINITIALIZED_AUTOS = YES_AGGRESSIVE;
				GCC_WARN_UNUSED_FUNCTION = YES;
				GCC_WARN_UNUSED_VARIABLE = YES;
				IPHONEOS_DEPLOYMENT_TARGET = 17.2;
				LOCALIZATION_PREFERS_STRING_CATALOGS = YES;
				MTL_ENABLE_DEBUG_INFO = INCLUDE_SOURCE;
				MTL_FAST_MATH = YES;
				ONLY_ACTIVE_ARCH = YES;
				SDKROOT = iphoneos;
				SWIFT_ACTIVE_COMPILATION_CONDITIONS = "DEBUG $(inherited)";
				SWIFT_OPTIMIZATION_LEVEL = "-Onone";
			};
			name = Debug;
		};
		D6F67F6A2C384B6F004A02C3 /* Release */ = {
			isa = XCBuildConfiguration;
			buildSettings = {
				ALWAYS_SEARCH_USER_PATHS = NO;
				ASSETCATALOG_COMPILER_GENERATE_SWIFT_ASSET_SYMBOL_EXTENSIONS = YES;
				CLANG_ANALYZER_NONNULL = YES;
				CLANG_ANALYZER_NUMBER_OBJECT_CONVERSION = YES_AGGRESSIVE;
				CLANG_CXX_LANGUAGE_STANDARD = "gnu++20";
				CLANG_ENABLE_MODULES = YES;
				CLANG_ENABLE_OBJC_ARC = YES;
				CLANG_ENABLE_OBJC_WEAK = YES;
				CLANG_WARN_BLOCK_CAPTURE_AUTORELEASING = YES;
				CLANG_WARN_BOOL_CONVERSION = YES;
				CLANG_WARN_COMMA = YES;
				CLANG_WARN_CONSTANT_CONVERSION = YES;
				CLANG_WARN_DEPRECATED_OBJC_IMPLEMENTATIONS = YES;
				CLANG_WARN_DIRECT_OBJC_ISA_USAGE = YES_ERROR;
				CLANG_WARN_DOCUMENTATION_COMMENTS = YES;
				CLANG_WARN_EMPTY_BODY = YES;
				CLANG_WARN_ENUM_CONVERSION = YES;
				CLANG_WARN_INFINITE_RECURSION = YES;
				CLANG_WARN_INT_CONVERSION = YES;
				CLANG_WARN_NON_LITERAL_NULL_CONVERSION = YES;
				CLANG_WARN_OBJC_IMPLICIT_RETAIN_SELF = YES;
				CLANG_WARN_OBJC_LITERAL_CONVERSION = YES;
				CLANG_WARN_OBJC_ROOT_CLASS = YES_ERROR;
				CLANG_WARN_QUOTED_INCLUDE_IN_FRAMEWORK_HEADER = YES;
				CLANG_WARN_RANGE_LOOP_ANALYSIS = YES;
				CLANG_WARN_STRICT_PROTOTYPES = YES;
				CLANG_WARN_SUSPICIOUS_MOVE = YES;
				CLANG_WARN_UNGUARDED_AVAILABILITY = YES_AGGRESSIVE;
				CLANG_WARN_UNREACHABLE_CODE = YES;
				CLANG_WARN__DUPLICATE_METHOD_MATCH = YES;
				COPY_PHASE_STRIP = NO;
				DEBUG_INFORMATION_FORMAT = "dwarf-with-dsym";
				ENABLE_NS_ASSERTIONS = NO;
				ENABLE_STRICT_OBJC_MSGSEND = YES;
				ENABLE_USER_SCRIPT_SANDBOXING = YES;
				GCC_C_LANGUAGE_STANDARD = gnu17;
				GCC_NO_COMMON_BLOCKS = YES;
				GCC_WARN_64_TO_32_BIT_CONVERSION = YES;
				GCC_WARN_ABOUT_RETURN_TYPE = YES_ERROR;
				GCC_WARN_UNDECLARED_SELECTOR = YES;
				GCC_WARN_UNINITIALIZED_AUTOS = YES_AGGRESSIVE;
				GCC_WARN_UNUSED_FUNCTION = YES;
				GCC_WARN_UNUSED_VARIABLE = YES;
				IPHONEOS_DEPLOYMENT_TARGET = 17.2;
				LOCALIZATION_PREFERS_STRING_CATALOGS = YES;
				MTL_ENABLE_DEBUG_INFO = NO;
				MTL_FAST_MATH = YES;
				SDKROOT = iphoneos;
				SWIFT_COMPILATION_MODE = wholemodule;
				VALIDATE_PRODUCT = YES;
			};
			name = Release;
		};
		D6F67F6C2C384B6F004A02C3 /* Debug */ = {
			isa = XCBuildConfiguration;
			buildSettings = {
				ASSETCATALOG_COMPILER_APPICON_NAME = AppIcon;
				ASSETCATALOG_COMPILER_GLOBAL_ACCENT_COLOR_NAME = AccentColor;
				CODE_SIGN_STYLE = Automatic;
				CURRENT_PROJECT_VERSION = 1;
				DEVELOPMENT_ASSET_PATHS = "\"Africa/Preview Content\"";
				ENABLE_PREVIEWS = YES;
				GENERATE_INFOPLIST_FILE = YES;
				INFOPLIST_FILE = Africa/Info.plist;
				INFOPLIST_KEY_UIApplicationSceneManifest_Generation = YES;
				INFOPLIST_KEY_UIApplicationSupportsIndirectInputEvents = YES;
				INFOPLIST_KEY_UISupportedInterfaceOrientations_iPad = "UIInterfaceOrientationPortrait UIInterfaceOrientationPortraitUpsideDown UIInterfaceOrientationLandscapeLeft UIInterfaceOrientationLandscapeRight";
				INFOPLIST_KEY_UISupportedInterfaceOrientations_iPhone = "UIInterfaceOrientationPortrait UIInterfaceOrientationLandscapeLeft UIInterfaceOrientationLandscapeRight";
				INFOPLIST_KEY_UIUserInterfaceStyle = Dark;
				LD_RUNPATH_SEARCH_PATHS = (
					"$(inherited)",
					"@executable_path/Frameworks",
				);
				MARKETING_VERSION = 1.0;
				PRODUCT_BUNDLE_IDENTIFIER = MyApps.Africa;
				PRODUCT_NAME = "$(TARGET_NAME)";
				SWIFT_EMIT_LOC_STRINGS = YES;
				SWIFT_VERSION = 5.0;
				TARGETED_DEVICE_FAMILY = "1,2";
			};
			name = Debug;
		};
		D6F67F6D2C384B6F004A02C3 /* Release */ = {
			isa = XCBuildConfiguration;
			buildSettings = {
				ASSETCATALOG_COMPILER_APPICON_NAME = AppIcon;
				ASSETCATALOG_COMPILER_GLOBAL_ACCENT_COLOR_NAME = AccentColor;
				CODE_SIGN_STYLE = Automatic;
				CURRENT_PROJECT_VERSION = 1;
				DEVELOPMENT_ASSET_PATHS = "\"Africa/Preview Content\"";
				ENABLE_PREVIEWS = YES;
				GENERATE_INFOPLIST_FILE = YES;
				INFOPLIST_FILE = Africa/Info.plist;
				INFOPLIST_KEY_UIApplicationSceneManifest_Generation = YES;
				INFOPLIST_KEY_UIApplicationSupportsIndirectInputEvents = YES;
				INFOPLIST_KEY_UISupportedInterfaceOrientations_iPad = "UIInterfaceOrientationPortrait UIInterfaceOrientationPortraitUpsideDown UIInterfaceOrientationLandscapeLeft UIInterfaceOrientationLandscapeRight";
				INFOPLIST_KEY_UISupportedInterfaceOrientations_iPhone = "UIInterfaceOrientationPortrait UIInterfaceOrientationLandscapeLeft UIInterfaceOrientationLandscapeRight";
				INFOPLIST_KEY_UIUserInterfaceStyle = Dark;
				LD_RUNPATH_SEARCH_PATHS = (
					"$(inherited)",
					"@executable_path/Frameworks",
				);
				MARKETING_VERSION = 1.0;
				PRODUCT_BUNDLE_IDENTIFIER = MyApps.Africa;
				PRODUCT_NAME = "$(TARGET_NAME)";
				SWIFT_EMIT_LOC_STRINGS = YES;
				SWIFT_VERSION = 5.0;
				TARGETED_DEVICE_FAMILY = "1,2";
			};
			name = Release;
		};
/* End XCBuildConfiguration section */

/* Begin XCConfigurationList section */
		D6F67F582C384B6C004A02C3 /* Build configuration list for PBXProject "Africa" */ = {
			isa = XCConfigurationList;
			buildConfigurations = (
				D6F67F692C384B6F004A02C3 /* Debug */,
				D6F67F6A2C384B6F004A02C3 /* Release */,
			);
			defaultConfigurationIsVisible = 0;
			defaultConfigurationName = Release;
		};
		D6F67F6B2C384B6F004A02C3 /* Build configuration list for PBXNativeTarget "Africa" */ = {
			isa = XCConfigurationList;
			buildConfigurations = (
				D6F67F6C2C384B6F004A02C3 /* Debug */,
				D6F67F6D2C384B6F004A02C3 /* Release */,
			);
			defaultConfigurationIsVisible = 0;
			defaultConfigurationName = Release;
		};
/* End XCConfigurationList section */
	};
	rootObject = D6F67F552C384B6C004A02C3 /* Project object */;
}
